# THIS IS AN AUTOGENERATED FILE. DO NOT EDIT THIS FILE DIRECTLY.
# yarn lockfile v1


"@emotion/is-prop-valid@^0.6.5":
  version "0.6.8"
  resolved "https://registry.yarnpkg.com/@emotion/is-prop-valid/-/is-prop-valid-0.6.8.tgz#68ad02831da41213a2089d2cab4e8ac8b30cbd85"
  dependencies:
    "@emotion/memoize" "^0.6.6"

"@emotion/memoize@^0.6.6":
  version "0.6.6"
  resolved "https://registry.yarnpkg.com/@emotion/memoize/-/memoize-0.6.6.tgz#004b98298d04c7ca3b4f50ca2035d4f60d2eed1b"

"@framer/edoardo.ios-kit@^1.4.0":
  version "1.4.0"
  resolved "https://registry.framer.com/@framer/edoardo.ios-kit/-/@framer/edoardo.ios-kit-1.4.0.tgz#4baffb96845b3521edc45c46507761782708532e"

"@framer/framer.device-hand-iphone-1@^1.0.0":
  version "1.0.0"
  resolved "https://registry.framer.com/@framer/framer.device-hand-iphone-1/-/@framer/framer.device-hand-iphone-1-1.0.0.tgz#0fbfd5313694b8834b91b138c9a961e59cfea1fd"

"@framer/framer.device-hand-iphone-2@^1.0.0":
  version "1.0.0"
  resolved "https://registry.framer.com/@framer/framer.device-hand-iphone-2/-/@framer/framer.device-hand-iphone-2-1.0.0.tgz#201c6b49236e837f931d0240cb434e396151d4f0"

"@framer/framer.device-skin-apple-iphone8-silver@^1.0.0":
  version "1.0.0"
  resolved "https://registry.framer.com/@framer/framer.device-skin-apple-iphone8-silver/-/@framer/framer.device-skin-apple-iphone8-silver-1.0.0.tgz#f120cfe6d8cf96ead1f656ab7eeddb23d0644ac1"

"@framer/framer.device-skin-apple-iphone8-space-gray@^1.0.0":
  version "1.0.0"
  resolved "https://registry.framer.com/@framer/framer.device-skin-apple-iphone8-space-gray/-/@framer/framer.device-skin-apple-iphone8-space-gray-1.0.0.tgz#336e100533d33e4fc7cd10507ccf64a8bc96637a"

"@popmotion/easing@^1.0.1":
  version "1.0.1"
  resolved "https://registry.yarnpkg.com/@popmotion/easing/-/easing-1.0.1.tgz#48336aea29542113df10aeb81b4fd10f0b95f937"

"@popmotion/popcorn@^0.1.0":
  version "0.1.2"
  resolved "https://registry.yarnpkg.com/@popmotion/popcorn/-/popcorn-0.1.2.tgz#2db84c24796a4f02e5f4897174de30f17ebce6a0"
  dependencies:
    "@popmotion/easing" "^1.0.1"
    framesync "^4.0.1"
    hey-listen "^1.0.5"
    style-value-types "^3.0.7"

"@types/invariant@^2.2.29":
  version "2.2.29"
  resolved "https://registry.yarnpkg.com/@types/invariant/-/invariant-2.2.29.tgz#aa845204cd0a289f65d47e0de63a6a815e30cc66"

"@types/node@^10.0.5":
  version "10.12.5"
  resolved "https://registry.yarnpkg.com/@types/node/-/node-10.12.5.tgz#7e7ea1a9b34d2c8d704cb0b755dffbcda34741ad"

"@types/prop-types@*":
  version "15.5.6"
  resolved "https://registry.yarnpkg.com/@types/prop-types/-/prop-types-15.5.6.tgz#9c03d3fed70a8d517c191b7734da2879b50ca26c"

"@types/react@^16.4.16":
  version "16.4.16"
  resolved "https://registry.yarnpkg.com/@types/react/-/react-16.4.16.tgz#99f91b1200ae8c2062030402006d3b3c3a177043"
  dependencies:
    "@types/prop-types" "*"
    csstype "^2.2.0"

asap@~2.0.3:
  version "2.0.6"
  resolved "https://registry.yarnpkg.com/asap/-/asap-2.0.6.tgz#e50347611d7e690943208bbdafebcbc2fb866d46"

core-js@^1.0.0:
  version "1.2.7"
  resolved "https://registry.yarnpkg.com/core-js/-/core-js-1.2.7.tgz#652294c14651db28fa93bd2d5ff2983a4f08c636"

csstype@^2.2.0:
  version "2.5.5"
  resolved "https://registry.yarnpkg.com/csstype/-/csstype-2.5.5.tgz#4125484a3d42189a863943f23b9e4b80fedfa106"

draft-js@0.10.4:
  version "0.10.4"
  resolved "https://registry.yarnpkg.com/draft-js/-/draft-js-0.10.4.tgz#147741642097c8120d8edc232e9503e8b7fb8d35"
  dependencies:
    fbjs "^0.8.15"
    immutable "~3.7.4"
    object-assign "^4.1.0"

encoding@^0.1.11:
  version "0.1.12"
  resolved "https://registry.yarnpkg.com/encoding/-/encoding-0.1.12.tgz#538b66f3ee62cd1ab51ec323829d1f9480c74beb"
  dependencies:
    iconv-lite "~0.4.13"

eventemitter3@^3.1.0:
  version "3.1.0"
  resolved "https://registry.yarnpkg.com/eventemitter3/-/eventemitter3-3.1.0.tgz#090b4d6cdbd645ed10bf750d4b5407942d7ba163"

fbjs@^0.8.15:
  version "0.8.17"
  resolved "https://registry.yarnpkg.com/fbjs/-/fbjs-0.8.17.tgz#c4d598ead6949112653d6588b01a5cdcd9f90fdd"
  dependencies:
    core-js "^1.0.0"
    isomorphic-fetch "^2.1.1"
    loose-envify "^1.0.0"
    object-assign "^4.1.0"
    promise "^7.1.1"
    setimmediate "^1.0.5"
    ua-parser-js "^0.7.18"

framer@^0.9.2:
  version "0.9.2"
  resolved "https://registry.yarnpkg.com/framer/-/framer-0.9.2.tgz#68eb4daac599d141ce9681c926d96b5dfdb02d95"
  dependencies:
    draft-js "0.10.4"
    eventemitter3 "^3.1.0"
    hsluv "^0.0.3"
    immutable "^3.8.2"

framesync@^4.0.0, framesync@^4.0.1:
  version "4.0.1"
  resolved "https://registry.yarnpkg.com/framesync/-/framesync-4.0.1.tgz#ed7791baf0d266f58ab02000456f82cb384815bf"
  dependencies:
    hey-listen "^1.0.5"

hey-listen@^1.0.4, hey-listen@^1.0.5:
  version "1.0.5"
  resolved "https://registry.yarnpkg.com/hey-listen/-/hey-listen-1.0.5.tgz#6d0a3a2f60177f65bc4404d571a00025bf5dc20e"

hsluv@^0.0.3:
  version "0.0.3"
  resolved "https://registry.yarnpkg.com/hsluv/-/hsluv-0.0.3.tgz#829107dafb4a9f8b52a1809ed02e091eade6754c"

iconv-lite@~0.4.13:
  version "0.4.24"
  resolved "https://registry.yarnpkg.com/iconv-lite/-/iconv-lite-0.4.24.tgz#2022b4b25fbddc21d2f524974a474aafe733908b"
  dependencies:
    safer-buffer ">= 2.1.2 < 3"

immutable@^3.8.2:
  version "3.8.2"
  resolved "https://registry.yarnpkg.com/immutable/-/immutable-3.8.2.tgz#c2439951455bb39913daf281376f1530e104adf3"

immutable@~3.7.4:
  version "3.7.6"
  resolved "https://registry.yarnpkg.com/immutable/-/immutable-3.7.6.tgz#13b4d3cb12befa15482a26fe1b2ebae640071e4b"

is-stream@^1.0.1:
  version "1.1.0"
  resolved "https://registry.yarnpkg.com/is-stream/-/is-stream-1.1.0.tgz#12d4a3dd4e68e0b79ceb8dbc84173ae80d91ca44"

isomorphic-fetch@^2.1.1:
  version "2.2.1"
  resolved "https://registry.yarnpkg.com/isomorphic-fetch/-/isomorphic-fetch-2.2.1.tgz#611ae1acf14f5e81f729507472819fe9733558a9"
  dependencies:
    node-fetch "^1.0.1"
    whatwg-fetch ">=0.10.0"

"js-tokens@^3.0.0 || ^4.0.0":
  version "4.0.0"
  resolved "https://registry.yarnpkg.com/js-tokens/-/js-tokens-4.0.0.tgz#19203fb59991df98e3a287050d4647cdeaf32499"

lodash@^4.17.11:
  version "4.17.11"
  resolved "https://registry.yarnpkg.com/lodash/-/lodash-4.17.11.tgz#b39ea6229ef607ecd89e2c8df12536891cac9b8d"

loose-envify@^1.0.0:
  version "1.4.0"
  resolved "https://registry.yarnpkg.com/loose-envify/-/loose-envify-1.4.0.tgz#71ee51fa7be4caec1a63839f7e682d8132d30caf"
  dependencies:
    js-tokens "^3.0.0 || ^4.0.0"

node-fetch@^1.0.1:
  version "1.7.3"
  resolved "https://registry.yarnpkg.com/node-fetch/-/node-fetch-1.7.3.tgz#980f6f72d85211a5347c6b2bc18c5b84c3eb47ef"
  dependencies:
    encoding "^0.1.11"
    is-stream "^1.0.1"

object-assign@^4.1.0:
  version "4.1.1"
  resolved "https://registry.yarnpkg.com/object-assign/-/object-assign-4.1.1.tgz#2109adc7965887cfc05cbbd442cac8bfbb360863"

popmotion-pose@^3.4.0:
  version "3.4.0"
  resolved "https://registry.yarnpkg.com/popmotion-pose/-/popmotion-pose-3.4.0.tgz#6f9f60f3683b77c2d54d7588f64f9c1ec1faf6a9"
  dependencies:
    "@popmotion/easing" "^1.0.1"
    hey-listen "^1.0.5"
    popmotion "^8.5.0"
    pose-core "^2.0.0"
    style-value-types "^3.0.6"
    tslib "^1.9.1"

popmotion@^8.5.0:
  version "8.5.0"
  resolved "https://registry.yarnpkg.com/popmotion/-/popmotion-8.5.0.tgz#9d5df110319990eb6ef1e16c0a5acd8d10249e76"
  dependencies:
    "@popmotion/easing" "^1.0.1"
    "@popmotion/popcorn" "^0.1.0"
    framesync "^4.0.0"
    hey-listen "^1.0.5"
    style-value-types "^3.0.6"
    stylefire "^2.0.7"
    tslib "^1.9.1"

pose-core@^2.0.0:
  version "2.0.0"
  resolved "https://registry.yarnpkg.com/pose-core/-/pose-core-2.0.0.tgz#1a1497a18a25ed2556d92dd728e909e96df6d67e"
  dependencies:
    "@types/invariant" "^2.2.29"
    "@types/node" "^10.0.5"
    hey-listen "^1.0.5"
    tslib "^1.9.1"

promise@^7.1.1:
  version "7.3.1"
  resolved "https://registry.yarnpkg.com/promise/-/promise-7.3.1.tgz#064b72602b18f90f29192b8b1bc418ffd1ebd3bf"
  dependencies:
    asap "~2.0.3"

react-pose@^4.0.1:
  version "4.0.1"
  resolved "https://registry.yarnpkg.com/react-pose/-/react-pose-4.0.1.tgz#d26ef0894daddea37dbfeae05a01d4a54b33e6d6"
  dependencies:
    "@emotion/is-prop-valid" "^0.6.5"
    hey-listen "^1.0.5"
    popmotion-pose "^3.4.0"
    tslib "^1.9.1"

"safer-buffer@>= 2.1.2 < 3":
  version "2.1.2"
  resolved "https://registry.yarnpkg.com/safer-buffer/-/safer-buffer-2.1.2.tgz#44fa161b0187b9549dd84bb91802f9bd8385cd6a"

setimmediate@^1.0.5:
  version "1.0.5"
  resolved "https://registry.yarnpkg.com/setimmediate/-/setimmediate-1.0.5.tgz#290cbb232e306942d7d7ea9b83732ab7856f8285"

style-value-types@^3.0.6, style-value-types@^3.0.7:
  version "3.0.7"
  resolved "https://registry.yarnpkg.com/style-value-types/-/style-value-types-3.0.7.tgz#6e7a22cc8b1a4465193268ed66ad5f2a82579054"

stylefire@^2.0.7:
  version "2.2.0"
  resolved "https://registry.yarnpkg.com/stylefire/-/stylefire-2.2.0.tgz#1b74025f8e01dc6b4f55c3fee0587570412ddcf3"
  dependencies:
    framesync "^4.0.0"
    hey-listen "^1.0.4"
    style-value-types "^3.0.6"
    tslib "^1.9.1"

tslib@^1.9.1:
  version "1.9.3"
  resolved "https://registry.yarnpkg.com/tslib/-/tslib-1.9.3.tgz#d7e4dd79245d85428c4d7e4822a79917954ca286"

ua-parser-js@^0.7.18:
  version "0.7.19"
  resolved "https://registry.yarnpkg.com/ua-parser-js/-/ua-parser-js-0.7.19.tgz#94151be4c0a7fb1d001af7022fdaca4642659e4b"

whatwg-fetch@>=0.10.0:
  version "3.0.0"
  resolved "https://registry.yarnpkg.com/whatwg-fetch/-/whatwg-fetch-3.0.0.tgz#fc804e458cc460009b1a2b966bc8817d2578aefb"
